
Microsoft Visual Studio Solution File, Format Version 12.00
# Visual Studio Version 17
VisualStudioVersion = 17.0.31903.59
MinimumVisualStudioVersion = 10.0.40219.1
Project("{2150E333-8FDC-42A3-9474-1A3956D46DE8}") = "src", "src", "{FF74D5C4-7574-4716-96A9-7745C50BCDE9}"
EndProject
Project("{FAE04EC0-301F-11D3-BF4B-00C04F79EFBC}") = "AuctionService", "src\AuctionService\AuctionService.csproj", "{196D9A25-3EA0-4D2D-9D3B-4A20ABBDDE2C}"
EndProject
Project("{FAE04EC0-301F-11D3-BF4B-00C04F79EFBC}") = "SearchService", "src\SearchService\SearchService.csproj", "{96E80278-1629-4AB7-95D0-4EEC37C08538}"
EndProject
Project("{FAE04EC0-301F-11D3-BF4B-00C04F79EFBC}") = "Contracts", "src\Contracts\Contracts.csproj", "{3F9D0BE4-8CE1-4703-9513-3DB3357F8836}"
EndProject
Project("{FAE04EC0-301F-11D3-BF4B-00C04F79EFBC}") = "IdentityService", "src\IdentityService\IdentityService.csproj", "{FE457533-DFAB-491C-AC6A-651A48EECF9A}"
EndProject
Project("{FAE04EC0-301F-11D3-BF4B-00C04F79EFBC}") = "GatewayService", "src\GatewayService\GatewayService.csproj", "{AD5BA71F-F45F-4468-8973-D0A716D22F5C}"
EndProject
Project("{FAE04EC0-301F-11D3-BF4B-00C04F79EFBC}") = "BiddingService", "src\BiddingService\BiddingService.csproj", "{4D0060B4-77C9-495D-A39E-5D3AF8C335CA}"
EndProject
Global
	GlobalSection(SolutionConfigurationPlatforms) = preSolution
		Debug|Any CPU = Debug|Any CPU
		Release|Any CPU = Release|Any CPU
	EndGlobalSection
	GlobalSection(SolutionProperties) = preSolution
		HideSolutionNode = FALSE
	EndGlobalSection
	GlobalSection(ProjectConfigurationPlatforms) = postSolution
		{196D9A25-3EA0-4D2D-9D3B-4A20ABBDDE2C}.Debug|Any CPU.ActiveCfg = Debug|Any CPU
		{196D9A25-3EA0-4D2D-9D3B-4A20ABBDDE2C}.Debug|Any CPU.Build.0 = Debug|Any CPU
		{196D9A25-3EA0-4D2D-9D3B-4A20ABBDDE2C}.Release|Any CPU.ActiveCfg = Release|Any CPU
		{196D9A25-3EA0-4D2D-9D3B-4A20ABBDDE2C}.Release|Any CPU.Build.0 = Release|Any CPU
		{96E80278-1629-4AB7-95D0-4EEC37C08538}.Debug|Any CPU.ActiveCfg = Debug|Any CPU
		{96E80278-1629-4AB7-95D0-4EEC37C08538}.Debug|Any CPU.Build.0 = Debug|Any CPU
		{96E80278-1629-4AB7-95D0-4EEC37C08538}.Release|Any CPU.ActiveCfg = Release|Any CPU
		{96E80278-1629-4AB7-95D0-4EEC37C08538}.Release|Any CPU.Build.0 = Release|Any CPU
		{3F9D0BE4-8CE1-4703-9513-3DB3357F8836}.Debug|Any CPU.ActiveCfg = Debug|Any CPU
		{3F9D0BE4-8CE1-4703-9513-3DB3357F8836}.Debug|Any CPU.Build.0 = Debug|Any CPU
		{3F9D0BE4-8CE1-4703-9513-3DB3357F8836}.Release|Any CPU.ActiveCfg = Release|Any CPU
		{3F9D0BE4-8CE1-4703-9513-3DB3357F8836}.Release|Any CPU.Build.0 = Release|Any CPU
		{FE457533-DFAB-491C-AC6A-651A48EECF9A}.Debug|Any CPU.ActiveCfg = Debug|Any CPU
		{FE457533-DFAB-491C-AC6A-651A48EECF9A}.Debug|Any CPU.Build.0 = Debug|Any CPU
		{FE457533-DFAB-491C-AC6A-651A48EECF9A}.Release|Any CPU.ActiveCfg = Release|Any CPU
		{FE457533-DFAB-491C-AC6A-651A48EECF9A}.Release|Any CPU.Build.0 = Release|Any CPU
		{AD5BA71F-F45F-4468-8973-D0A716D22F5C}.Debug|Any CPU.ActiveCfg = Debug|Any CPU
		{AD5BA71F-F45F-4468-8973-D0A716D22F5C}.Debug|Any CPU.Build.0 = Debug|Any CPU
		{AD5BA71F-F45F-4468-8973-D0A716D22F5C}.Release|Any CPU.ActiveCfg = Release|Any CPU
		{AD5BA71F-F45F-4468-8973-D0A716D22F5C}.Release|Any CPU.Build.0 = Release|Any CPU
		{4D0060B4-77C9-495D-A39E-5D3AF8C335CA}.Debug|Any CPU.ActiveCfg = Debug|Any CPU
		{4D0060B4-77C9-495D-A39E-5D3AF8C335CA}.Debug|Any CPU.Build.0 = Debug|Any CPU
		{4D0060B4-77C9-495D-A39E-5D3AF8C335CA}.Release|Any CPU.ActiveCfg = Release|Any CPU
		{4D0060B4-77C9-495D-A39E-5D3AF8C335CA}.Release|Any CPU.Build.0 = Release|Any CPU
	EndGlobalSection
	GlobalSection(NestedProjects) = preSolution
		{196D9A25-3EA0-4D2D-9D3B-4A20ABBDDE2C} = {FF74D5C4-7574-4716-96A9-7745C50BCDE9}
		{96E80278-1629-4AB7-95D0-4EEC37C08538} = {FF74D5C4-7574-4716-96A9-7745C50BCDE9}
		{3F9D0BE4-8CE1-4703-9513-3DB3357F8836} = {FF74D5C4-7574-4716-96A9-7745C50BCDE9}
		{FE457533-DFAB-491C-AC6A-651A48EECF9A} = {FF74D5C4-7574-4716-96A9-7745C50BCDE9}
		{AD5BA71F-F45F-4468-8973-D0A716D22F5C} = {FF74D5C4-7574-4716-96A9-7745C50BCDE9}
		{4D0060B4-77C9-495D-A39E-5D3AF8C335CA} = {FF74D5C4-7574-4716-96A9-7745C50BCDE9}
	EndGlobalSection
EndGlobal
